# generated by rye
# use `rye lock` or `rye sync` to update this lockfile
#
# last locked with the following flags:
#   pre: false
#   features: []
#   all-features: false
#   with-sources: false
#   generate-hashes: false
#   universal: false

-e file:.
asgiref==3.8.1
    # via django
coverage==7.6.12
    # via kartoza-django
django==5.1.7
    # via django-leaflet
    # via kartoza-django
django-leaflet==0.31.0
    # via kartoza-django
psycopg2-binary==2.9.10
    # via kartoza-django
python-dotenv==1.0.1
    # via kartoza-django
sqlparse==0.5.3
    # via django
